{
  "name": "@kabukki/wasm-nes",
  "version": "1.0.0",
  "lockfileVersion": 2,
  "requires": true,
  "packages": {
    "": {
      "name": "@kabukki/wasm-nes",
      "version": "1.0.0",
      "dependencies": {
        "game-stats": "^0.1.1",
        "lodash.throttle": "^4.1.1",
        "ringbuf.js": "^0.1.0"
      },
      "devDependencies": {
        "esbuild": "^0.12.15",
        "typescript": "^4.3.5"
      }
    },
    "node_modules/esbuild": {
      "version": "0.12.29",
      "resolved": "https://registry.npmjs.org/esbuild/-/esbuild-0.12.29.tgz",
      "integrity": "sha512-w/XuoBCSwepyiZtIRsKsetiLDUVGPVw1E/R3VTFSecIy8UR7Cq3SOtwKHJMFoVqqVG36aGkzh4e8BvpO1Fdc7g==",
      "dev": true,
      "hasInstallScript": true,
      "bin": {
        "esbuild": "bin/esbuild"
      }
    },
    "node_modules/game-stats": {
      "version": "0.1.1",
      "resolved": "https://registry.npmjs.org/game-stats/-/game-stats-0.1.1.tgz",
      "integrity": "sha512-AJaO7vaMHsmlSX6hsb8CE5RgykqqV9UgcPWiMZQsmPSsLZiDVJ48ws+YkMH6vM9ithyunYHO3sYQ0JQ+oyzP7g=="
    },
    "node_modules/lodash.throttle": {
      "version": "4.1.1",
      "resolved": "https://registry.npmjs.org/lodash.throttle/-/lodash.throttle-4.1.1.tgz",
      "integrity": "sha1-wj6RtxAkKscMN/HhzaknTMOb8vQ="
    },
    "node_modules/ringbuf.js": {
      "version": "0.1.0",
      "resolved": "https://registry.npmjs.org/ringbuf.js/-/ringbuf.js-0.1.0.tgz",
      "integrity": "sha512-7mFWqa1Q9xT8s3e0e4AxSQlCD3Suv8QkWm6IQ1sTfYi94xiDu0dLWKqVJctlEKPP65lMfOKcdk+t+WAROgdAfw==",
      "engines": {
        "node": ">=8",
        "npm": ">=5"
      }
    },
    "node_modules/typescript": {
      "version": "4.4.4",
      "resolved": "https://registry.npmjs.org/typescript/-/typescript-4.4.4.tgz",
      "integrity": "sha512-DqGhF5IKoBl8WNf8C1gu8q0xZSInh9j1kJJMqT3a94w1JzVaBU4EXOSMrz9yDqMT0xt3selp83fuFMQ0uzv6qA==",
      "dev": true,
      "bin": {
        "tsc": "bin/tsc",
        "tsserver": "bin/tsserver"
      },
      "engines": {
        "node": ">=4.2.0"
      }
    }
  },
  "dependencies": {
    "esbuild": {
      "version": "0.12.29",
      "resolved": "https://registry.npmjs.org/esbuild/-/esbuild-0.12.29.tgz",
      "integrity": "sha512-w/XuoBCSwepyiZtIRsKsetiLDUVGPVw1E/R3VTFSecIy8UR7Cq3SOtwKHJMFoVqqVG36aGkzh4e8BvpO1Fdc7g==",
      "dev": true
    },
    "game-stats": {
      "version": "0.1.1",
      "resolved": "https://registry.npmjs.org/game-stats/-/game-stats-0.1.1.tgz",
      "integrity": "sha512-AJaO7vaMHsmlSX6hsb8CE5RgykqqV9UgcPWiMZQsmPSsLZiDVJ48ws+YkMH6vM9ithyunYHO3sYQ0JQ+oyzP7g=="
    },
    "lodash.throttle": {
      "version": "4.1.1",
      "resolved": "https://registry.npmjs.org/lodash.throttle/-/lodash.throttle-4.1.1.tgz",
      "integrity": "sha1-wj6RtxAkKscMN/HhzaknTMOb8vQ="
    },
    "ringbuf.js": {
      "version": "0.1.0",
      "resolved": "https://registry.npmjs.org/ringbuf.js/-/ringbuf.js-0.1.0.tgz",
      "integrity": "sha512-7mFWqa1Q9xT8s3e0e4AxSQlCD3Suv8QkWm6IQ1sTfYi94xiDu0dLWKqVJctlEKPP65lMfOKcdk+t+WAROgdAfw=="
    },
    "typescript": {
      "version": "4.4.4",
      "resolved": "https://registry.npmjs.org/typescript/-/typescript-4.4.4.tgz",
      "integrity": "sha512-DqGhF5IKoBl8WNf8C1gu8q0xZSInh9j1kJJMqT3a94w1JzVaBU4EXOSMrz9yDqMT0xt3selp83fuFMQ0uzv6qA==",
      "dev": true
    }
  }
}
